{
  "name": "FitPick",
  "lockfileVersion": 3,
  "requires": true,
  "packages": {
    "": {
      "dependencies": {
        "@capacitor/ios": "^5.7.0"
      }
    },
    "node_modules/@capacitor/core": {
      "version": "5.7.0",
      "resolved": "https://registry.npmjs.org/@capacitor/core/-/core-5.7.0.tgz",
      "integrity": "sha512-wa9Fao+Axa1t2ZERMyQD9r0xyfglQyC4DHQKintzKaIqcRuVe9J31TmfD3IxROYi9LGpY4X8cq4m4bjb0W94Qg==",
      "peer": true,
      "dependencies": {
        "tslib": "^2.1.0"
      }
    },
    "node_modules/@capacitor/ios": {
      "version": "5.7.0",
      "resolved": "https://registry.npmjs.org/@capacitor/ios/-/ios-5.7.0.tgz",
      "integrity": "sha512-zoEdsYQHI1zz2vjKsTpu5bSfxQQ5jrk3Qs6Op9MYcckZZ2QWIs0YpL99p+zODXNpkkyLG73NXEIrOjvyI9jx8A==",
      "peerDependencies": {
        "@capacitor/core": "^5.7.0"
      }
    },
    "node_modules/tslib": {
      "version": "2.6.2",
      "resolved": "https://registry.npmjs.org/tslib/-/tslib-2.6.2.tgz",
      "integrity": "sha512-AEYxH93jGFPn/a2iVAwW87VuUIkR1FVUKB77NwMF7nBTDkDrrT/Hpt/IrCJ0QXhW27jTBDcf5ZY7w6RiqTMw2Q==",
      "peer": true
    }
  }
}
